
Microsoft Visual Studio Solution File, Format Version 12.00
# Visual Studio Version 17
VisualStudioVersion = 17.14.37012.4
MinimumVisualStudioVersion = 10.0.40219.1
Project("{FAE04EC0-301F-11D3-BF4B-00C04F79EFBC}") = "Three_Controllers", "Three_Controllers\Three_Controllers.csproj", "{C31B4A89-A157-402D-85E1-32A2554D41BF}"
EndProject
Project("{FAE04EC0-301F-11D3-BF4B-00C04F79EFBC}") = "Core_Three_Controllers", "Core_Three_Controllers\Core_Three_Controllers.csproj", "{432732E0-E89E-4939-94E5-B646BDA199CF}"
EndProject
Project("{FAE04EC0-301F-11D3-BF4B-00C04F79EFBC}") = "REST_Three_Controllers", "REST_Three_Controllers\REST_Three_Controllers.csproj", "{69DF164F-FF02-4BDF-A1D4-D5F489771323}"
EndProject
Global
	GlobalSection(SolutionConfigurationPlatforms) = preSolution
		Debug|Any CPU = Debug|Any CPU
		Release|Any CPU = Release|Any CPU
	EndGlobalSection
	GlobalSection(ProjectConfigurationPlatforms) = postSolution
		{C31B4A89-A157-402D-85E1-32A2554D41BF}.Debug|Any CPU.ActiveCfg = Debug|Any CPU
		{C31B4A89-A157-402D-85E1-32A2554D41BF}.Debug|Any CPU.Build.0 = Debug|Any CPU
		{C31B4A89-A157-402D-85E1-32A2554D41BF}.Release|Any CPU.ActiveCfg = Release|Any CPU
		{C31B4A89-A157-402D-85E1-32A2554D41BF}.Release|Any CPU.Build.0 = Release|Any CPU
		{432732E0-E89E-4939-94E5-B646BDA199CF}.Debug|Any CPU.ActiveCfg = Debug|Any CPU
		{432732E0-E89E-4939-94E5-B646BDA199CF}.Debug|Any CPU.Build.0 = Debug|Any CPU
		{432732E0-E89E-4939-94E5-B646BDA199CF}.Release|Any CPU.ActiveCfg = Release|Any CPU
		{432732E0-E89E-4939-94E5-B646BDA199CF}.Release|Any CPU.Build.0 = Release|Any CPU
		{69DF164F-FF02-4BDF-A1D4-D5F489771323}.Debug|Any CPU.ActiveCfg = Debug|Any CPU
		{69DF164F-FF02-4BDF-A1D4-D5F489771323}.Debug|Any CPU.Build.0 = Debug|Any CPU
		{69DF164F-FF02-4BDF-A1D4-D5F489771323}.Release|Any CPU.ActiveCfg = Release|Any CPU
		{69DF164F-FF02-4BDF-A1D4-D5F489771323}.Release|Any CPU.Build.0 = Release|Any CPU
	EndGlobalSection
	GlobalSection(SolutionProperties) = preSolution
		HideSolutionNode = FALSE
	EndGlobalSection
	GlobalSection(ExtensibilityGlobals) = postSolution
		SolutionGuid = {D939AE66-F47C-4AAF-A373-4DCB5D86740B}
	EndGlobalSection
EndGlobal
